
Microsoft Visual Studio Solution File, Format Version 12.00
# Visual Studio Version 17
VisualStudioVersion = 17.1.32228.430
MinimumVisualStudioVersion = 10.0.40219.1
Project("{9A19103F-16F7-4668-BE54-9A1E7A4F7556}") = "CartService", "CartService\CartService.csproj", "{B91F13C5-81C0-4F63-86D3-1254DDF07C09}"
EndProject
Project("{9A19103F-16F7-4668-BE54-9A1E7A4F7556}") = "ProduceService", "ProduceService\ProduceService.csproj", "{737329E2-4883-40F0-84AA-1856F457BA72}"
EndProject
Project("{9A19103F-16F7-4668-BE54-9A1E7A4F7556}") = "DairyService", "DairyService\DairyService.csproj", "{6EFC2ED8-6D0A-4AB5-8A6E-D6BE5710433B}"
EndProject
Project("{E53339B2-1760-4266-BCC7-CA923CBCF16C}") = "docker-compose", "docker-compose.dcproj", "{81D2B457-0536-47CF-BFFA-25CBA09EEE94}"
EndProject
Global
	GlobalSection(SolutionConfigurationPlatforms) = preSolution
		Debug|Any CPU = Debug|Any CPU
		Release|Any CPU = Release|Any CPU
	EndGlobalSection
	GlobalSection(ProjectConfigurationPlatforms) = postSolution
		{B91F13C5-81C0-4F63-86D3-1254DDF07C09}.Debug|Any CPU.ActiveCfg = Debug|Any CPU
		{B91F13C5-81C0-4F63-86D3-1254DDF07C09}.Debug|Any CPU.Build.0 = Debug|Any CPU
		{B91F13C5-81C0-4F63-86D3-1254DDF07C09}.Release|Any CPU.ActiveCfg = Release|Any CPU
		{B91F13C5-81C0-4F63-86D3-1254DDF07C09}.Release|Any CPU.Build.0 = Release|Any CPU
		{737329E2-4883-40F0-84AA-1856F457BA72}.Debug|Any CPU.ActiveCfg = Debug|Any CPU
		{737329E2-4883-40F0-84AA-1856F457BA72}.Debug|Any CPU.Build.0 = Debug|Any CPU
		{737329E2-4883-40F0-84AA-1856F457BA72}.Release|Any CPU.ActiveCfg = Release|Any CPU
		{737329E2-4883-40F0-84AA-1856F457BA72}.Release|Any CPU.Build.0 = Release|Any CPU
		{6EFC2ED8-6D0A-4AB5-8A6E-D6BE5710433B}.Debug|Any CPU.ActiveCfg = Debug|Any CPU
		{6EFC2ED8-6D0A-4AB5-8A6E-D6BE5710433B}.Debug|Any CPU.Build.0 = Debug|Any CPU
		{6EFC2ED8-6D0A-4AB5-8A6E-D6BE5710433B}.Release|Any CPU.ActiveCfg = Release|Any CPU
		{6EFC2ED8-6D0A-4AB5-8A6E-D6BE5710433B}.Release|Any CPU.Build.0 = Release|Any CPU
		{81D2B457-0536-47CF-BFFA-25CBA09EEE94}.Debug|Any CPU.ActiveCfg = Debug|Any CPU
		{81D2B457-0536-47CF-BFFA-25CBA09EEE94}.Debug|Any CPU.Build.0 = Debug|Any CPU
		{81D2B457-0536-47CF-BFFA-25CBA09EEE94}.Release|Any CPU.ActiveCfg = Release|Any CPU
		{81D2B457-0536-47CF-BFFA-25CBA09EEE94}.Release|Any CPU.Build.0 = Release|Any CPU
	EndGlobalSection
	GlobalSection(SolutionProperties) = preSolution
		HideSolutionNode = FALSE
	EndGlobalSection
	GlobalSection(ExtensibilityGlobals) = postSolution
		SolutionGuid = {C20BAA34-6E46-4709-A0D8-69CA4E038E9D}
	EndGlobalSection
EndGlobal
